
Microsoft Visual Studio Solution File, Format Version 12.00
# Visual Studio 15
VisualStudioVersion = 15.0.27705.2000
MinimumVisualStudioVersion = 10.0.40219.1
Project("{FAE04EC0-301F-11D3-BF4B-00C04F79EFBC}") = "FuncionPitufa", "FuncionPitufa\FuncionPitufa.csproj", "{C3D56FD1-3D6D-416C-A525-7DFE09331699}"
EndProject
Global
	GlobalSection(SolutionConfigurationPlatforms) = preSolution
		Debug|Any CPU = Debug|Any CPU
		Release|Any CPU = Release|Any CPU
	EndGlobalSection
	GlobalSection(ProjectConfigurationPlatforms) = postSolution
		{C3D56FD1-3D6D-416C-A525-7DFE09331699}.Debug|Any CPU.ActiveCfg = Debug|Any CPU
		{C3D56FD1-3D6D-416C-A525-7DFE09331699}.Debug|Any CPU.Build.0 = Debug|Any CPU
		{C3D56FD1-3D6D-416C-A525-7DFE09331699}.Release|Any CPU.ActiveCfg = Release|Any CPU
		{C3D56FD1-3D6D-416C-A525-7DFE09331699}.Release|Any CPU.Build.0 = Release|Any CPU
	EndGlobalSection
	GlobalSection(SolutionProperties) = preSolution
		HideSolutionNode = FALSE
	EndGlobalSection
	GlobalSection(ExtensibilityGlobals) = postSolution
		SolutionGuid = {B9E71F52-8BF7-4846-A302-A04B468E4F4A}
	EndGlobalSection
EndGlobal
